
Microsoft Visual Studio Solution File, Format Version 12.00
# Visual Studio Version 16
VisualStudioVersion = 16.0.30204.135
MinimumVisualStudioVersion = 10.0.40219.1
Project("{FAE04EC0-301F-11D3-BF4B-00C04F79EFBC}") = "DataManager", "DataManager\DataManager.csproj", "{8311CFCF-22F7-4798-A3D3-4B458AD64511}"
EndProject
Project("{00D1A9C2-B5F0-4AF3-8072-F6C62B433612}") = "Data", "Data\Data.sqlproj", "{4FD33D19-0BD6-441F-9BF5-EA72E1392ADB}"
EndProject
Global
	GlobalSection(SolutionConfigurationPlatforms) = preSolution
		Debug|Any CPU = Debug|Any CPU
		Release|Any CPU = Release|Any CPU
	EndGlobalSection
	GlobalSection(ProjectConfigurationPlatforms) = postSolution
		{8311CFCF-22F7-4798-A3D3-4B458AD64511}.Debug|Any CPU.ActiveCfg = Debug|Any CPU
		{8311CFCF-22F7-4798-A3D3-4B458AD64511}.Debug|Any CPU.Build.0 = Debug|Any CPU
		{8311CFCF-22F7-4798-A3D3-4B458AD64511}.Release|Any CPU.ActiveCfg = Release|Any CPU
		{8311CFCF-22F7-4798-A3D3-4B458AD64511}.Release|Any CPU.Build.0 = Release|Any CPU
		{4FD33D19-0BD6-441F-9BF5-EA72E1392ADB}.Debug|Any CPU.ActiveCfg = Debug|Any CPU
		{4FD33D19-0BD6-441F-9BF5-EA72E1392ADB}.Debug|Any CPU.Build.0 = Debug|Any CPU
		{4FD33D19-0BD6-441F-9BF5-EA72E1392ADB}.Debug|Any CPU.Deploy.0 = Debug|Any CPU
		{4FD33D19-0BD6-441F-9BF5-EA72E1392ADB}.Release|Any CPU.ActiveCfg = Release|Any CPU
		{4FD33D19-0BD6-441F-9BF5-EA72E1392ADB}.Release|Any CPU.Build.0 = Release|Any CPU
		{4FD33D19-0BD6-441F-9BF5-EA72E1392ADB}.Release|Any CPU.Deploy.0 = Release|Any CPU
	EndGlobalSection
	GlobalSection(SolutionProperties) = preSolution
		HideSolutionNode = FALSE
	EndGlobalSection
	GlobalSection(ExtensibilityGlobals) = postSolution
		SolutionGuid = {0EEF0404-0344-400F-A329-7988F52165FC}
	EndGlobalSection
EndGlobal
